# THIS IS AN AUTOGENERATED FILE. DO NOT EDIT THIS FILE DIRECTLY.
# yarn lockfile v1


redux-undo@^1.1.0:
  version "1.1.0"
  resolved "https://registry.yarnpkg.com/redux-undo/-/redux-undo-1.1.0.tgz#ae28e517797b1aa5521d55da561f7214d310f8a5"
  integrity sha512-zzLFh2qeF0MTIlzDhDLm9NtkfBqCllQJ3OCuIl5RKlG/ayHw6GUdIFdMhzMS9NnrnWdBX5u//ExMOHpfudGGOg==
